// !$*UTF8*$!
{
	archiveVersion = 1;
	classes = {
	};
	objectVersion = 50;
	objects = {

/* Begin PBXBuildFile section */
		E06A49F925A262C600D7A727 /* AppDelegate.m in Sources */ = {isa = PBXBuildFile; fileRef = E06A49F825A262C600D7A727 /* AppDelegate.m */; };
		E06A49FC25A262C600D7A727 /* SceneDelegate.m in Sources */ = {isa = PBXBuildFile; fileRef = E06A49FB25A262C600D7A727 /* SceneDelegate.m */; };
		E06A49FF25A262C600D7A727 /* ViewController.m in Sources */ = {isa = PBXBuildFile; fileRef = E06A49FE25A262C600D7A727 /* ViewController.m */; };
		E06A4A0225A262C600D7A727 /* Main.storyboard in Resources */ = {isa = PBXBuildFile; fileRef = E06A4A0025A262C600D7A727 /* Main.storyboard */; };
		E06A4A0425A262C900D7A727 /* Assets.xcassets in Resources */ = {isa = PBXBuildFile; fileRef = E06A4A0325A262C900D7A727 /* Assets.xcassets */; };
		E06A4A0725A262C900D7A727 /* LaunchScreen.storyboard in Resources */ = {isa = PBXBuildFile; fileRef = E06A4A0525A262C900D7A727 /* LaunchScreen.storyboard */; };
		E06A4A0A25A262C900D7A727 /* main.m in Sources */ = {isa = PBXBuildFile; fileRef = E06A4A0925A262C900D7A727 /* main.m */; };
/* End PBXBuildFile section */

/* Begin PBXFileReference section */
		E06A49F425A262C600D7A727 /* Activity Sharing Example.app */ = {isa = PBXFileReference; explicitFileType = wrapper.application; includeInIndex = 0; path = "Activity Sharing Example.app"; sourceTree = BUILT_PRODUCTS_DIR; };
		E06A49F725A262C600D7A727 /* AppDelegate.h */ = {isa = PBXFileReference; lastKnownFileType = sourcecode.c.h; path = AppDelegate.h; sourceTree = "<group>"; };
		E06A49F825A262C600D7A727 /* AppDelegate.m */ = {isa = PBXFileReference; lastKnownFileType = sourcecode.c.objc; path = AppDelegate.m; sourceTree = "<group>"; };
		E06A49FA25A262C600D7A727 /* SceneDelegate.h */ = {isa = PBXFileReference; lastKnownFileType = sourcecode.c.h; path = SceneDelegate.h; sourceTree = "<group>"; };
		E06A49FB25A262C600D7A727 /* SceneDelegate.m */ = {isa = PBXFileReference; lastKnownFileType = sourcecode.c.objc; path = SceneDelegate.m; sourceTree = "<group>"; };
		E06A49FD25A262C600D7A727 /* ViewController.h */ = {isa = PBXFileReference; lastKnownFileType = sourcecode.c.h; path = ViewController.h; sourceTree = "<group>"; };
		E06A49FE25A262C600D7A727 /* ViewController.m */ = {isa = PBXFileReference; lastKnownFileType = sourcecode.c.objc; path = ViewController.m; sourceTree = "<group>"; };
		E06A4A0125A262C600D7A727 /* Base */ = {isa = PBXFileReference; lastKnownFileType = file.storyboard; name = Base; path = Base.lproj/Main.storyboard; sourceTree = "<group>"; };
		E06A4A0325A262C900D7A727 /* Assets.xcassets */ = {isa = PBXFileReference; lastKnownFileType = folder.assetcatalog; path = Assets.xcassets; sourceTree = "<group>"; };
		E06A4A0625A262C900D7A727 /* Base */ = {isa = PBXFileReference; lastKnownFileType = file.storyboard; name = Base; path = Base.lproj/LaunchScreen.storyboard; sourceTree = "<group>"; };
		E06A4A0825A262C900D7A727 /* Info.plist */ = {isa = PBXFileReference; lastKnownFileType = text.plist.xml; path = Info.plist; sourceTree = "<group>"; };
		E06A4A0925A262C900D7A727 /* main.m */ = {isa = PBXFileReference; lastKnownFileType = sourcecode.c.objc; path = main.m; sourceTree = "<group>"; };
/* End PBXFileReference section */

/* Begin PBXFrameworksBuildPhase section */
		E06A49F125A262C600D7A727 /* Frameworks */ = {
			isa = PBXFrameworksBuildPhase;
			buildActionMask = 2147483647;
			files = (
			);
			runOnlyForDeploymentPostprocessing = 0;
		};
/* End PBXFrameworksBuildPhase section */

/* Begin PBXGroup section */
		E06A49EB25A262C600D7A727 = {
			isa = PBXGroup;
			children = (
				E06A49F625A262C600D7A727 /* Activity Sharing Example */,
				E06A49F525A262C600D7A727 /* Products */,
			);
			sourceTree = "<group>";
		};
		E06A49F525A262C600D7A727 /* Products */ = {
			isa = PBXGroup;
			children = (
				E06A49F425A262C600D7A727 /* Activity Sharing Example.app */,
			);
			name = Products;
			sourceTree = "<group>";
		};
		E06A49F625A262C600D7A727 /* Activity Sharing Example */ = {
			isa = PBXGroup;
			children = (
				E06A49F725A262C600D7A727 /* AppDelegate.h */,
				E06A49F825A262C600D7A727 /* AppDelegate.m */,
				E06A49FA25A262C600D7A727 /* SceneDelegate.h */,
				E06A49FB25A262C600D7A727 /* SceneDelegate.m */,
				E06A49FD25A262C600D7A727 /* ViewController.h */,
				E06A49FE25A262C600D7A727 /* ViewController.m */,
				E06A4A0025A262C600D7A727 /* Main.storyboard */,
				E06A4A0325A262C900D7A727 /* Assets.xcassets */,
				E06A4A0525A262C900D7A727 /* LaunchScreen.storyboard */,
				E06A4A0825A262C900D7A727 /* Info.plist */,
				E06A4A0925A262C900D7A727 /* main.m */,
			);
			path = "Activity Sharing Example";
			sourceTree = "<group>";
		};
/* End PBXGroup section */

/* Begin PBXNativeTarget section */
		E06A49F325A262C600D7A727 /* Activity Sharing Example */ = {
			isa = PBXNativeTarget;
			buildConfigurationList = E06A4A0D25A262C900D7A727 /* Build configuration list for PBXNativeTarget "Activity Sharing Example" */;
			buildPhases = (
				E06A49F025A262C600D7A727 /* Sources */,
				E06A49F125A262C600D7A727 /* Frameworks */,
				E06A49F225A262C600D7A727 /* Resources */,
			);
			buildRules = (
			);
			dependencies = (
			);
			name = "Activity Sharing Example";
			productName = "Activity Sharing Example";
			productReference = E06A49F425A262C600D7A727 /* Activity Sharing Example.app */;
			productType = "com.apple.product-type.application";
		};
/* End PBXNativeTarget section */

/* Begin PBXProject section */
		E06A49EC25A262C600D7A727 /* Project object */ = {
			isa = PBXProject;
			attributes = {
				LastUpgradeCheck = 1230;
				TargetAttributes = {
					E06A49F325A262C600D7A727 = {
						CreatedOnToolsVersion = 12.3;
					};
				};
			};
			buildConfigurationList = E06A49EF25A262C600D7A727 /* Build configuration list for PBXProject "Activity Sharing Example" */;
			compatibilityVersion = "Xcode 9.3";
			developmentRegion = en;
			hasScannedForEncodings = 0;
			knownRegions = (
				en,
				Base,
			);
			mainGroup = E06A49EB25A262C600D7A727;
			productRefGroup = E06A49F525A262C600D7A727 /* Products */;
			projectDirPath = "";
			projectRoot = "";
			targets = (
				E06A49F325A262C600D7A727 /* Activity Sharing Example */,
			);
		};
/* End PBXProject section */

/* Begin PBXResourcesBuildPhase section */
		E06A49F225A262C600D7A727 /* Resources */ = {
			isa = PBXResourcesBuildPhase;
			buildActionMask = 2147483647;
			files = (
				E06A4A0725A262C900D7A727 /* LaunchScreen.storyboard in Resources */,
				E06A4A0425A262C900D7A727 /* Assets.xcassets in Resources */,
				E06A4A0225A262C600D7A727 /* Main.storyboard in Resources */,
			);
			runOnlyForDeploymentPostprocessing = 0;
		};
/* End PBXResourcesBuildPhase section */

/* Begin PBXSourcesBuildPhase section */
		E06A49F025A262C600D7A727 /* Sources */ = {
			isa = PBXSourcesBuildPhase;
			buildActionMask = 2147483647;
			files = (
				E06A49FF25A262C600D7A727 /* ViewController.m in Sources */,
				E06A49F925A262C600D7A727 /* AppDelegate.m in Sources */,
				E06A4A0A25A262C900D7A727 /* main.m in Sources */,
				E06A49FC25A262C600D7A727 /* SceneDelegate.m in Sources */,
			);
			runOnlyForDeploymentPostprocessing = 0;
		};
/* End PBXSourcesBuildPhase section */

/* Begin PBXVariantGroup section */
		E06A4A0025A262C600D7A727 /* Main.storyboard */ = {
			isa = PBXVariantGroup;
			children = (
				E06A4A0125A262C600D7A727 /* Base */,
			);
			name = Main.storyboard;
			sourceTree = "<group>";
		};
		E06A4A0525A262C900D7A727 /* LaunchScreen.storyboard */ = {
			isa = PBXVariantGroup;
			children = (
				E06A4A0625A262C900D7A727 /* Base */,
			);
			name = LaunchScreen.storyboard;
			sourceTree = "<group>";
		};
/* End PBXVariantGroup section */

/* Begin XCBuildConfiguration section */
		E06A4A0B25A262C900D7A727 /* Debug */ = {
			isa = XCBuildConfiguration;
			buildSettings = {
				ALWAYS_SEARCH_USER_PATHS = NO;
				CLANG_ANALYZER_NONNULL = YES;
				CLANG_ANALYZER_NUMBER_OBJECT_CONVERSION = YES_AGGRESSIVE;
				CLANG_CXX_LANGUAGE_STANDARD = "gnu++14";
				CLANG_CXX_LIBRARY = "libc++";
				CLANG_ENABLE_MODULES = YES;
				CLANG_ENABLE_OBJC_ARC = YES;
				CLANG_ENABLE_OBJC_WEAK = YES;
				CLANG_WARN_BLOCK_CAPTURE_AUTORELEASING = YES;
				CLANG_WARN_BOOL_CONVERSION = YES;
				CLANG_WARN_COMMA = YES;
				CLANG_WARN_CONSTANT_CONVERSION = YES;
				CLANG_WARN_DEPRECATED_OBJC_IMPLEMENTATIONS = YES;
				CLANG_WARN_DIRECT_OBJC_ISA_USAGE = YES_ERROR;
				CLANG_WARN_DOCUMENTATION_COMMENTS = YES;
				CLANG_WARN_EMPTY_BODY = YES;
				CLANG_WARN_ENUM_CONVERSION = YES;
				CLANG_WARN_INFINITE_RECURSION = YES;
				CLANG_WARN_INT_CONVERSION = YES;
				CLANG_WARN_NON_LITERAL_NULL_CONVERSION = YES;
				CLANG_WARN_OBJC_IMPLICIT_RETAIN_SELF = YES;
				CLANG_WARN_OBJC_LITERAL_CONVERSION = YES;
				CLANG_WARN_OBJC_ROOT_CLASS = YES_ERROR;
				CLANG_WARN_QUOTED_INCLUDE_IN_FRAMEWORK_HEADER = YES;
				CLANG_WARN_RANGE_LOOP_ANALYSIS = YES;
				CLANG_WARN_STRICT_PROTOTYPES = YES;
				CLANG_WARN_SUSPICIOUS_MOVE = YES;
				CLANG_WARN_UNGUARDED_AVAILABILITY = YES_AGGRESSIVE;
				CLANG_WARN_UNREACHABLE_CODE = YES;
				CLANG_WARN__DUPLICATE_METHOD_MATCH = YES;
				COPY_PHASE_STRIP = NO;
				DEBUG_INFORMATION_FORMAT = dwarf;
				ENABLE_STRICT_OBJC_MSGSEND = YES;
				ENABLE_TESTABILITY = YES;
				GCC_C_LANGUAGE_STANDARD = gnu11;
				GCC_DYNAMIC_NO_PIC = NO;
				GCC_NO_COMMON_BLOCKS = YES;
				GCC_OPTIMIZATION_LEVEL = 0;
				GCC_PREPROCESSOR_DEFINITIONS = (
					"DEBUG=1",
					"$(inherited)",
				);
				GCC_WARN_64_TO_32_BIT_CONVERSION = YES;
				GCC_WARN_ABOUT_RETURN_TYPE = YES_ERROR;
				GCC_WARN_UNDECLARED_SELECTOR = YES;
				GCC_WARN_UNINITIALIZED_AUTOS = YES_AGGRESSIVE;
				GCC_WARN_UNUSED_FUNCTION = YES;
				GCC_WARN_UNUSED_VARIABLE = YES;
				IPHONEOS_DEPLOYMENT_TARGET = 14.3;
				MTL_ENABLE_DEBUG_INFO = INCLUDE_SOURCE;
				MTL_FAST_MATH = YES;
				ONLY_ACTIVE_ARCH = YES;
				SDKROOT = iphoneos;
			};
			name = Debug;
		};
		E06A4A0C25A262C900D7A727 /* Release */ = {
			isa = XCBuildConfiguration;
			buildSettings = {
				ALWAYS_SEARCH_USER_PATHS = NO;
				CLANG_ANALYZER_NONNULL = YES;
				CLANG_ANALYZER_NUMBER_OBJECT_CONVERSION = YES_AGGRESSIVE;
				CLANG_CXX_LANGUAGE_STANDARD = "gnu++14";
				CLANG_CXX_LIBRARY = "libc++";
				CLANG_ENABLE_MODULES = YES;
				CLANG_ENABLE_OBJC_ARC = YES;
				CLANG_ENABLE_OBJC_WEAK = YES;
				CLANG_WARN_BLOCK_CAPTURE_AUTORELEASING = YES;
				CLANG_WARN_BOOL_CONVERSION = YES;
				CLANG_WARN_COMMA = YES;
				CLANG_WARN_CONSTANT_CONVERSION = YES;
				CLANG_WARN_DEPRECATED_OBJC_IMPLEMENTATIONS = YES;
				CLANG_WARN_DIRECT_OBJC_ISA_USAGE = YES_ERROR;
				CLANG_WARN_DOCUMENTATION_COMMENTS = YES;
				CLANG_WARN_EMPTY_BODY = YES;
				CLANG_WARN_ENUM_CONVERSION = YES;
				CLANG_WARN_INFINITE_RECURSION = YES;
				CLANG_WARN_INT_CONVERSION = YES;
				CLANG_WARN_NON_LITERAL_NULL_CONVERSION = YES;
				CLANG_WARN_OBJC_IMPLICIT_RETAIN_SELF = YES;
				CLANG_WARN_OBJC_LITERAL_CONVERSION = YES;
				CLANG_WARN_OBJC_ROOT_CLASS = YES_ERROR;
				CLANG_WARN_QUOTED_INCLUDE_IN_FRAMEWORK_HEADER = YES;
				CLANG_WARN_RANGE_LOOP_ANALYSIS = YES;
				CLANG_WARN_STRICT_PROTOTYPES = YES;
				CLANG_WARN_SUSPICIOUS_MOVE = YES;
				CLANG_WARN_UNGUARDED_AVAILABILITY = YES_AGGRESSIVE;
				CLANG_WARN_UNREACHABLE_CODE = YES;
				CLANG_WARN__DUPLICATE_METHOD_MATCH = YES;
				COPY_PHASE_STRIP = NO;
				DEBUG_INFORMATION_FORMAT = "dwarf-with-dsym";
				ENABLE_NS_ASSERTIONS = NO;
				ENABLE_STRICT_OBJC_MSGSEND = YES;
				GCC_C_LANGUAGE_STANDARD = gnu11;
				GCC_NO_COMMON_BLOCKS = YES;
				GCC_WARN_64_TO_32_BIT_CONVERSION = YES;
				GCC_WARN_ABOUT_RETURN_TYPE = YES_ERROR;
				GCC_WARN_UNDECLARED_SELECTOR = YES;
				GCC_WARN_UNINITIALIZED_AUTOS = YES_AGGRESSIVE;
				GCC_WARN_UNUSED_FUNCTION = YES;
				GCC_WARN_UNUSED_VARIABLE = YES;
				IPHONEOS_DEPLOYMENT_TARGET = 14.3;
				MTL_ENABLE_DEBUG_INFO = NO;
				MTL_FAST_MATH = YES;
				SDKROOT = iphoneos;
				VALIDATE_PRODUCT = YES;
			};
			name = Release;
		};
		E06A4A0E25A262C900D7A727 /* Debug */ = {
			isa = XCBuildConfiguration;
			buildSettings = {
				ASSETCATALOG_COMPILER_APPICON_NAME = AppIcon;
				ASSETCATALOG_COMPILER_GLOBAL_ACCENT_COLOR_NAME = AccentColor;
				CODE_SIGN_STYLE = Automatic;
				DEVELOPMENT_TEAM = ZNVB52L2P6;
				INFOPLIST_FILE = "Activity Sharing Example/Info.plist";
				LD_RUNPATH_SEARCH_PATHS = (
					"$(inherited)",
					"@executable_path/Frameworks",
				);
				PRODUCT_BUNDLE_IDENTIFIER = "dgw.kiwi.Activity-Sharing-Example";
				PRODUCT_NAME = "$(TARGET_NAME)";
				TARGETED_DEVICE_FAMILY = "1,2";
			};
			name = Debug;
		};
		E06A4A0F25A262C900D7A727 /* Release */ = {
			isa = XCBuildConfiguration;
			buildSettings = {
				ASSETCATALOG_COMPILER_APPICON_NAME = AppIcon;
				ASSETCATALOG_COMPILER_GLOBAL_ACCENT_COLOR_NAME = AccentColor;
				CODE_SIGN_STYLE = Automatic;
				DEVELOPMENT_TEAM = ZNVB52L2P6;
				INFOPLIST_FILE = "Activity Sharing Example/Info.plist";
				LD_RUNPATH_SEARCH_PATHS = (
					"$(inherited)",
					"@executable_path/Frameworks",
				);
				PRODUCT_BUNDLE_IDENTIFIER = "dgw.kiwi.Activity-Sharing-Example";
				PRODUCT_NAME = "$(TARGET_NAME)";
				TARGETED_DEVICE_FAMILY = "1,2";
			};
			name = Release;
		};
/* End XCBuildConfiguration section */

/* Begin XCConfigurationList section */
		E06A49EF25A262C600D7A727 /* Build configuration list for PBXProject "Activity Sharing Example" */ = {
			isa = XCConfigurationList;
			buildConfigurations = (
				E06A4A0B25A262C900D7A727 /* Debug */,
				E06A4A0C25A262C900D7A727 /* Release */,
			);
			defaultConfigurationIsVisible = 0;
			defaultConfigurationName = Release;
		};
		E06A4A0D25A262C900D7A727 /* Build configuration list for PBXNativeTarget "Activity Sharing Example" */ = {
			isa = XCConfigurationList;
			buildConfigurations = (
				E06A4A0E25A262C900D7A727 /* Debug */,
				E06A4A0F25A262C900D7A727 /* Release */,
			);
			defaultConfigurationIsVisible = 0;
			defaultConfigurationName = Release;
		};
/* End XCConfigurationList section */
	};
	rootObject = E06A49EC25A262C600D7A727 /* Project object */;
}
